
Microsoft Visual Studio Solution File, Format Version 12.00
# Visual Studio 15
VisualStudioVersion = 15.0.28307.489
MinimumVisualStudioVersion = 10.0.40219.1
Project("{FAE04EC0-301F-11D3-BF4B-00C04F79EFBC}") = "WS-Client", "WS-Client\WS-Client.csproj", "{8C35C113-7DD4-4BA6-97B8-503777EBBA4C}"
	ProjectSection(ProjectDependencies) = postProject
		{1BE5EDE9-CB6F-4DF8-9C28-09F2801714DA} = {1BE5EDE9-CB6F-4DF8-9C28-09F2801714DA}
	EndProjectSection
EndProject
Project("{FAE04EC0-301F-11D3-BF4B-00C04F79EFBC}") = "IntermediaryWS", "IntermediaryWS\IntermediaryWS.csproj", "{1BE5EDE9-CB6F-4DF8-9C28-09F2801714DA}"
EndProject
Global
	GlobalSection(SolutionConfigurationPlatforms) = preSolution
		Debug|Any CPU = Debug|Any CPU
		Release|Any CPU = Release|Any CPU
	EndGlobalSection
	GlobalSection(ProjectConfigurationPlatforms) = postSolution
		{8C35C113-7DD4-4BA6-97B8-503777EBBA4C}.Debug|Any CPU.ActiveCfg = Debug|Any CPU
		{8C35C113-7DD4-4BA6-97B8-503777EBBA4C}.Debug|Any CPU.Build.0 = Debug|Any CPU
		{8C35C113-7DD4-4BA6-97B8-503777EBBA4C}.Release|Any CPU.ActiveCfg = Release|Any CPU
		{8C35C113-7DD4-4BA6-97B8-503777EBBA4C}.Release|Any CPU.Build.0 = Release|Any CPU
		{1BE5EDE9-CB6F-4DF8-9C28-09F2801714DA}.Debug|Any CPU.ActiveCfg = Debug|Any CPU
		{1BE5EDE9-CB6F-4DF8-9C28-09F2801714DA}.Debug|Any CPU.Build.0 = Debug|Any CPU
		{1BE5EDE9-CB6F-4DF8-9C28-09F2801714DA}.Release|Any CPU.ActiveCfg = Release|Any CPU
		{1BE5EDE9-CB6F-4DF8-9C28-09F2801714DA}.Release|Any CPU.Build.0 = Release|Any CPU
	EndGlobalSection
	GlobalSection(SolutionProperties) = preSolution
		HideSolutionNode = FALSE
	EndGlobalSection
	GlobalSection(ExtensibilityGlobals) = postSolution
		SolutionGuid = {13080E7D-FA22-494D-BFB8-3094F39CA39A}
	EndGlobalSection
EndGlobal
