
Microsoft Visual Studio Solution File, Format Version 12.00
# Visual Studio 15
VisualStudioVersion = 15.0.28307.438
MinimumVisualStudioVersion = 10.0.40219.1
Project("{FAE04EC0-301F-11D3-BF4B-00C04F79EFBC}") = "WCFTest", "WCFTest\WCFTest.csproj", "{BC75F5DF-6442-4164-902B-07079CD6080D}"
EndProject
Global
	GlobalSection(SolutionConfigurationPlatforms) = preSolution
		Debug|Any CPU = Debug|Any CPU
		Release|Any CPU = Release|Any CPU
	EndGlobalSection
	GlobalSection(ProjectConfigurationPlatforms) = postSolution
		{BC75F5DF-6442-4164-902B-07079CD6080D}.Debug|Any CPU.ActiveCfg = Debug|Any CPU
		{BC75F5DF-6442-4164-902B-07079CD6080D}.Debug|Any CPU.Build.0 = Debug|Any CPU
		{BC75F5DF-6442-4164-902B-07079CD6080D}.Release|Any CPU.ActiveCfg = Release|Any CPU
		{BC75F5DF-6442-4164-902B-07079CD6080D}.Release|Any CPU.Build.0 = Release|Any CPU
	EndGlobalSection
	GlobalSection(SolutionProperties) = preSolution
		HideSolutionNode = FALSE
	EndGlobalSection
	GlobalSection(ExtensibilityGlobals) = postSolution
		SolutionGuid = {BC9815D6-E50F-4CBC-B998-DBAB69876855}
	EndGlobalSection
EndGlobal
